
Microsoft Visual Studio Solution File, Format Version 12.00
# Visual Studio 15
VisualStudioVersion = 15.0.27703.2042
MinimumVisualStudioVersion = 10.0.40219.1
Project("{FAE04EC0-301F-11D3-BF4B-00C04F79EFBC}") = "MathApp", "MathApp\MathApp.csproj", "{8684BB9A-FD75-40DA-8652-DB9F8C3428C7}"
EndProject
Global
	GlobalSection(SolutionConfigurationPlatforms) = preSolution
		Debug|Any CPU = Debug|Any CPU
		Release|Any CPU = Release|Any CPU
	EndGlobalSection
	GlobalSection(ProjectConfigurationPlatforms) = postSolution
		{8684BB9A-FD75-40DA-8652-DB9F8C3428C7}.Debug|Any CPU.ActiveCfg = Debug|Any CPU
		{8684BB9A-FD75-40DA-8652-DB9F8C3428C7}.Debug|Any CPU.Build.0 = Debug|Any CPU
		{8684BB9A-FD75-40DA-8652-DB9F8C3428C7}.Release|Any CPU.ActiveCfg = Release|Any CPU
		{8684BB9A-FD75-40DA-8652-DB9F8C3428C7}.Release|Any CPU.Build.0 = Release|Any CPU
	EndGlobalSection
	GlobalSection(SolutionProperties) = preSolution
		HideSolutionNode = FALSE
	EndGlobalSection
	GlobalSection(ExtensibilityGlobals) = postSolution
		SolutionGuid = {0FC24D2F-1990-4F36-AD74-04F718C88F64}
	EndGlobalSection
EndGlobal
